
Microsoft Visual Studio Solution File, Format Version 12.00
# Visual Studio Version 17
VisualStudioVersion = 17.7.34031.279
MinimumVisualStudioVersion = 10.0.40219.1
Project("{9A19103F-16F7-4668-BE54-9A1E7A4F7556}") = "UsingYeld", "UsingYeld\UsingYeld.csproj", "{F30E667C-D39E-47FF-AE40-F6C4E793C92C}"
EndProject
Project("{FAE04EC0-301F-11D3-BF4B-00C04F79EFBC}") = "DelegatesMosh", "DelegatesMosh\DelegatesMosh.csproj", "{2CBB73FE-B60B-446B-8C8D-A6E656F719D6}"
EndProject
Project("{FAE04EC0-301F-11D3-BF4B-00C04F79EFBC}") = "DelegatesFuncPredicateAction", "DelegatesFuncPredicateAction\DelegatesFuncPredicateAction.csproj", "{2541B53D-6F42-4E7D-B1F2-3E813BA8F7CD}"
EndProject
Global
	GlobalSection(SolutionConfigurationPlatforms) = preSolution
		Debug|Any CPU = Debug|Any CPU
		Release|Any CPU = Release|Any CPU
	EndGlobalSection
	GlobalSection(ProjectConfigurationPlatforms) = postSolution
		{F30E667C-D39E-47FF-AE40-F6C4E793C92C}.Debug|Any CPU.ActiveCfg = Debug|Any CPU
		{F30E667C-D39E-47FF-AE40-F6C4E793C92C}.Debug|Any CPU.Build.0 = Debug|Any CPU
		{F30E667C-D39E-47FF-AE40-F6C4E793C92C}.Release|Any CPU.ActiveCfg = Release|Any CPU
		{F30E667C-D39E-47FF-AE40-F6C4E793C92C}.Release|Any CPU.Build.0 = Release|Any CPU
		{2CBB73FE-B60B-446B-8C8D-A6E656F719D6}.Debug|Any CPU.ActiveCfg = Debug|Any CPU
		{2CBB73FE-B60B-446B-8C8D-A6E656F719D6}.Debug|Any CPU.Build.0 = Debug|Any CPU
		{2CBB73FE-B60B-446B-8C8D-A6E656F719D6}.Release|Any CPU.ActiveCfg = Release|Any CPU
		{2CBB73FE-B60B-446B-8C8D-A6E656F719D6}.Release|Any CPU.Build.0 = Release|Any CPU
		{2541B53D-6F42-4E7D-B1F2-3E813BA8F7CD}.Debug|Any CPU.ActiveCfg = Debug|Any CPU
		{2541B53D-6F42-4E7D-B1F2-3E813BA8F7CD}.Debug|Any CPU.Build.0 = Debug|Any CPU
		{2541B53D-6F42-4E7D-B1F2-3E813BA8F7CD}.Release|Any CPU.ActiveCfg = Release|Any CPU
		{2541B53D-6F42-4E7D-B1F2-3E813BA8F7CD}.Release|Any CPU.Build.0 = Release|Any CPU
	EndGlobalSection
	GlobalSection(SolutionProperties) = preSolution
		HideSolutionNode = FALSE
	EndGlobalSection
	GlobalSection(ExtensibilityGlobals) = postSolution
		SolutionGuid = {19BE014E-F67C-40E5-8613-F8C8778378D2}
	EndGlobalSection
EndGlobal
